
Microsoft Visual Studio Solution File, Format Version 12.00
# Visual Studio Version 17
VisualStudioVersion = 17.10.35013.160
MinimumVisualStudioVersion = 10.0.40219.1
Project("{FAE04EC0-301F-11D3-BF4B-00C04F79EFBC}") = "Day1-OOPsDemos", "Day1-OOPsDemos\Day1-OOPsDemos.csproj", "{729F5547-CCE6-48A5-A845-02DBD5BECE4A}"
EndProject
Project("{FAE04EC0-301F-11D3-BF4B-00C04F79EFBC}") = "OopsDemo2", "OopsDemo2\OopsDemo2.csproj", "{0F5B14C6-B7A2-4958-91E1-3011D06CD879}"
EndProject
Project("{FAE04EC0-301F-11D3-BF4B-00C04F79EFBC}") = "InheritanceDemo", "InheritanceDemo\InheritanceDemo.csproj", "{E3E5EEFC-B707-4CA5-B315-FC287B017E4F}"
EndProject
Project("{FAE04EC0-301F-11D3-BF4B-00C04F79EFBC}") = "DynamicPolymorphsim", "DynamicPolymorphsim\DynamicPolymorphsim.csproj", "{AAB1837B-B83D-48B9-B4C8-671DA53F93B9}"
EndProject
Project("{FAE04EC0-301F-11D3-BF4B-00C04F79EFBC}") = "MultiLevelInheritanceDemo", "MultiLevelInheritanceDemo\MultiLevelInheritanceDemo.csproj", "{0C3BC378-FB96-4DC3-AB08-BE84BE9015BA}"
EndProject
Project("{FAE04EC0-301F-11D3-BF4B-00C04F79EFBC}") = "AbstractClassDemo", "AbstractClassDemo\AbstractClassDemo.csproj", "{B00DBA66-8BAD-47C0-89D2-8E80F4DB8F04}"
EndProject
Global
	GlobalSection(SolutionConfigurationPlatforms) = preSolution
		Debug|Any CPU = Debug|Any CPU
		Release|Any CPU = Release|Any CPU
	EndGlobalSection
	GlobalSection(ProjectConfigurationPlatforms) = postSolution
		{729F5547-CCE6-48A5-A845-02DBD5BECE4A}.Debug|Any CPU.ActiveCfg = Debug|Any CPU
		{729F5547-CCE6-48A5-A845-02DBD5BECE4A}.Debug|Any CPU.Build.0 = Debug|Any CPU
		{729F5547-CCE6-48A5-A845-02DBD5BECE4A}.Release|Any CPU.ActiveCfg = Release|Any CPU
		{729F5547-CCE6-48A5-A845-02DBD5BECE4A}.Release|Any CPU.Build.0 = Release|Any CPU
		{0F5B14C6-B7A2-4958-91E1-3011D06CD879}.Debug|Any CPU.ActiveCfg = Debug|Any CPU
		{0F5B14C6-B7A2-4958-91E1-3011D06CD879}.Debug|Any CPU.Build.0 = Debug|Any CPU
		{0F5B14C6-B7A2-4958-91E1-3011D06CD879}.Release|Any CPU.ActiveCfg = Release|Any CPU
		{0F5B14C6-B7A2-4958-91E1-3011D06CD879}.Release|Any CPU.Build.0 = Release|Any CPU
		{E3E5EEFC-B707-4CA5-B315-FC287B017E4F}.Debug|Any CPU.ActiveCfg = Debug|Any CPU
		{E3E5EEFC-B707-4CA5-B315-FC287B017E4F}.Debug|Any CPU.Build.0 = Debug|Any CPU
		{E3E5EEFC-B707-4CA5-B315-FC287B017E4F}.Release|Any CPU.ActiveCfg = Release|Any CPU
		{E3E5EEFC-B707-4CA5-B315-FC287B017E4F}.Release|Any CPU.Build.0 = Release|Any CPU
		{AAB1837B-B83D-48B9-B4C8-671DA53F93B9}.Debug|Any CPU.ActiveCfg = Debug|Any CPU
		{AAB1837B-B83D-48B9-B4C8-671DA53F93B9}.Debug|Any CPU.Build.0 = Debug|Any CPU
		{AAB1837B-B83D-48B9-B4C8-671DA53F93B9}.Release|Any CPU.ActiveCfg = Release|Any CPU
		{AAB1837B-B83D-48B9-B4C8-671DA53F93B9}.Release|Any CPU.Build.0 = Release|Any CPU
		{0C3BC378-FB96-4DC3-AB08-BE84BE9015BA}.Debug|Any CPU.ActiveCfg = Debug|Any CPU
		{0C3BC378-FB96-4DC3-AB08-BE84BE9015BA}.Debug|Any CPU.Build.0 = Debug|Any CPU
		{0C3BC378-FB96-4DC3-AB08-BE84BE9015BA}.Release|Any CPU.ActiveCfg = Release|Any CPU
		{0C3BC378-FB96-4DC3-AB08-BE84BE9015BA}.Release|Any CPU.Build.0 = Release|Any CPU
		{B00DBA66-8BAD-47C0-89D2-8E80F4DB8F04}.Debug|Any CPU.ActiveCfg = Debug|Any CPU
		{B00DBA66-8BAD-47C0-89D2-8E80F4DB8F04}.Debug|Any CPU.Build.0 = Debug|Any CPU
		{B00DBA66-8BAD-47C0-89D2-8E80F4DB8F04}.Release|Any CPU.ActiveCfg = Release|Any CPU
		{B00DBA66-8BAD-47C0-89D2-8E80F4DB8F04}.Release|Any CPU.Build.0 = Release|Any CPU
	EndGlobalSection
	GlobalSection(SolutionProperties) = preSolution
		HideSolutionNode = FALSE
	EndGlobalSection
	GlobalSection(ExtensibilityGlobals) = postSolution
		SolutionGuid = {FF9E0622-9CB6-474A-96B5-83B1D9EE1377}
	EndGlobalSection
EndGlobal
